
Microsoft Visual Studio Solution File, Format Version 12.00
# Visual Studio Version 16
VisualStudioVersion = 16.0.31624.102
MinimumVisualStudioVersion = 10.0.40219.1
Project("{FAE04EC0-301F-11D3-BF4B-00C04F79EFBC}") = "assignment1", "assignment1.csproj", "{A7756EBC-4B18-425B-9B8B-880E7A3F654A}"
EndProject
Global
	GlobalSection(SolutionConfigurationPlatforms) = preSolution
		Debug|Any CPU = Debug|Any CPU
		Release|Any CPU = Release|Any CPU
	EndGlobalSection
	GlobalSection(ProjectConfigurationPlatforms) = postSolution
		{A7756EBC-4B18-425B-9B8B-880E7A3F654A}.Debug|Any CPU.ActiveCfg = Debug|Any CPU
		{A7756EBC-4B18-425B-9B8B-880E7A3F654A}.Debug|Any CPU.Build.0 = Debug|Any CPU
		{A7756EBC-4B18-425B-9B8B-880E7A3F654A}.Release|Any CPU.ActiveCfg = Release|Any CPU
		{A7756EBC-4B18-425B-9B8B-880E7A3F654A}.Release|Any CPU.Build.0 = Release|Any CPU
	EndGlobalSection
	GlobalSection(SolutionProperties) = preSolution
		HideSolutionNode = FALSE
	EndGlobalSection
	GlobalSection(ExtensibilityGlobals) = postSolution
		SolutionGuid = {1B7D1C43-0B86-4A89-A435-05BA30F5BE86}
	EndGlobalSection
EndGlobal
